<?xml version="1.0" encoding="utf-8"?>
<Project ToolsVersion="4.0" xmlns="http://schemas.microsoft.com/developer/msbuild/2003">
  <ItemGroup>
    <Filter Include="源文件">
      <UniqueIdentifier>{4FC737F1-C7A5-4376-A066-2A32D752A2FF}</UniqueIdentifier>
      <Extensions>cpp;c;cc;cxx;def;odl;idl;hpj;bat;asm;asmx</Extensions>
    </Filter>
    <Filter Include="头文件">
      <UniqueIdentifier>{93995380-89BD-4b04-88EB-625FBE52EBFB}</UniqueIdentifier>
      <Extensions>h;hh;hpp;hxx;hm;inl;inc;ipp;xsd</Extensions>
    </Filter>
    <Filter Include="资源文件">
      <UniqueIdentifier>{67DA6AB6-F800-4c08-8B7A-83BB121AAD01}</UniqueIdentifier>
      <Extensions>rc;ico;cur;bmp;dlg;rc2;rct;bin;rgs;gif;jpg;jpeg;jpe;resx;tiff;tif;png;wav;mfcribbon-ms</Extensions>
    </Filter>
    <Filter Include="shader">
      <UniqueIdentifier>{add4fa95-95b9-4dd4-bcbc-a0f53aa20bb8}</UniqueIdentifier>
    </Filter>
  </ItemGroup>
  <ItemGroup>
    <ClInclude Include="Common\d3dApp.h">
      <Filter>头文件</Filter>
    </ClInclude>
    <ClInclude Include="Common\d3dUtil.h">
      <Filter>头文件</Filter>
    </ClInclude>
    <ClInclude Include="Common\GameTimer.h">
      <Filter>头文件</Filter>
    </ClInclude>
    <ClInclude Include="Common\MathHelper.h">
      <Filter>头文件</Filter>
    </ClInclude>
    <ClInclude Include="Common\GeometryGenerator.h">
      <Filter>头文件</Filter>
    </ClInclude>
    <ClInclude Include="Common\DDSTextureLoader.h">
      <Filter>头文件</Filter>
    </ClInclude>
    <ClInclude Include="Common\RenderStates.h">
      <Filter>头文件</Filter>
    </ClInclude>
    <ClInclude Include="Common\RenderItem.h">
      <Filter>头文件</Filter>
    </ClInclude>
    <ClInclude Include="Common\ConstantBuffer.h">
      <Filter>头文件</Filter>
    </ClInclude>
    <ClInclude Include="Common\Camera.h">
      <Filter>头文件</Filter>
    </ClInclude>
    <ClInclude Include="Common\ShadowMap.h">
      <Filter>头文件</Filter>
    </ClInclude>
    <ClInclude Include="Common\Gbuffer.h">
      <Filter>头文件</Filter>
    </ClInclude>
    <ClInclude Include="Common\DirectionLight.h">
      <Filter>头文件</Filter>
    </ClInclude>
    <ClInclude Include="Common\Ssao.h">
      <Filter>头文件</Filter>
    </ClInclude>
    <ClInclude Include="Common\LightBuffer.h">
      <Filter>头文件</Filter>
    </ClInclude>
    <ClInclude Include="Common\Transform.h">
      <Filter>头文件</Filter>
    </ClInclude>
  </ItemGroup>
  <ItemGroup>
    <ClCompile Include="Common\d3dApp.cpp">
      <Filter>源文件</Filter>
    </ClCompile>
    <ClCompile Include="Common\d3dUtil.cpp">
      <Filter>源文件</Filter>
    </ClCompile>
    <ClCompile Include="Common\GameTimer.cpp">
      <Filter>源文件</Filter>
    </ClCompile>
    <ClCompile Include="Common\GameMain.cpp">
      <Filter>源文件</Filter>
    </ClCompile>
    <ClCompile Include="Common\MathHelper.cpp">
      <Filter>源文件</Filter>
    </ClCompile>
    <ClCompile Include="Common\GeometryGenerator.cpp">
      <Filter>源文件</Filter>
    </ClCompile>
    <ClCompile Include="Common\DDSTextureLoader.cpp">
      <Filter>源文件</Filter>
    </ClCompile>
    <ClCompile Include="Common\RenderStates.cpp">
      <Filter>源文件</Filter>
    </ClCompile>
    <ClCompile Include="Common\RenderItem.cpp">
      <Filter>源文件</Filter>
    </ClCompile>
    <ClCompile Include="Common\Camera.cpp">
      <Filter>源文件</Filter>
    </ClCompile>
    <ClCompile Include="Common\ShadowMap.cpp">
      <Filter>源文件</Filter>
    </ClCompile>
    <ClCompile Include="Common\Gbuffer.cpp">
      <Filter>源文件</Filter>
    </ClCompile>
    <ClCompile Include="Common\DirectionLight.cpp">
      <Filter>源文件</Filter>
    </ClCompile>
    <ClCompile Include="Common\Ssao.cpp">
      <Filter>源文件</Filter>
    </ClCompile>
    <ClCompile Include="Common\LightBuffer.cpp">
      <Filter>源文件</Filter>
    </ClCompile>
    <ClCompile Include="Common\Transform.cpp">
      <Filter>源文件</Filter>
    </ClCompile>
  </ItemGroup>
  <ItemGroup>
    <None Include="shader\Lighting.hlsl">
      <Filter>shader</Filter>
    </None>
    <None Include="shader\SkyBox.hlsl">
      <Filter>shader</Filter>
    </None>
    <None Include="shader\LightDepth.hlsl">
      <Filter>shader</Filter>
    </None>
    <None Include="shader\DrawGbuffer.hlsl">
      <Filter>shader</Filter>
    </None>
    <None Include="shader\DefferredLightPass.hlsl">
      <Filter>shader</Filter>
    </None>
    <None Include="shader\ForwardDefault.hlsl">
      <Filter>shader</Filter>
    </None>
    <None Include="shader\DebugSingleRT.hlsl">
      <Filter>shader</Filter>
    </None>
    <None Include="shader\DebugRT.hlsl">
      <Filter>shader</Filter>
    </None>
    <None Include="shader\DrawSSAO.hlsl">
      <Filter>shader</Filter>
    </None>
    <None Include="shader\BlurSSAO.hlsl">
      <Filter>shader</Filter>
    </None>
    <None Include="shader\DrawSSSM.hlsl">
      <Filter>shader</Filter>
    </None>
    <None Include="shader\FXAAhelper.hlsl">
      <Filter>shader</Filter>
    </None>
    <None Include="shader\FXAA.hlsl">
      <Filter>shader</Filter>
    </None>
  </ItemGroup>
  <ItemGroup>
    <Image Include="Tex\zero.dds">
      <Filter>资源文件</Filter>
    </Image>
    <Image Include="Tex\floor.dds">
      <Filter>资源文件</Filter>
    </Image>
    <Image Include="Tex\skybox.dds">
      <Filter>资源文件</Filter>
    </Image>
    <Image Include="Tex\wheel.dds">
      <Filter>资源文件</Filter>
    </Image>
    <Image Include="Tex\wheelNormal.dds">
      <Filter>资源文件</Filter>
    </Image>
  </ItemGroup>
</Project>